github.com/davecgh/go-spew v1.1.1 h1:vj9j/u1bqnvCEfJOwUhtlOARqs3+rkHYY13jYWTU97c=
github.com/davecgh/go-spew v1.1.1/go.mod h1:J7Y8YcW2NihsgmVo/mv3lAwl/skON4iLHjSsI+c5H38=
github.com/google/go-cmp v0.7.0 h1:wk8382ETsv4JYUZwIsn6YpYiWiBsYLSJiTsyBybVuN8=
github.com/google/go-cmp v0.7.0/go.mod h1:pXiqmnSA92OHEEa9HXL2W4E7lf9JzCmGVUdgjX3N/iU=
github.com/google/go-containerregistry v0.21.2 h1:vYaMU4nU55JJGFC9JR/s8NZcTjbE9DBBbvusTW9NeS0=
github.com/google/go-containerregistry v0.21.2/go.mod h1:ctO5aCaewH4AK1AumSF5DPW+0+R+d2FmylMJdp5G7p0=
github.com/opencontainers/go-digest v1.0.0 h1:apOUWs51W5PlhuyGyz9FCeeBIOUDA/6nW8Oi/yOhh5U=
github.com/opencontainers/go-digest v1.0.0/go.mod h1:0JzlMkj0TRzQZfJkVvzbP0HBR3IKzErnv2BNG4W4MAM=
github.com/pmezard/go-difflib v1.0.0 h1:4DBwDE0NGyQoBHbLQYPwSUPoCMWR5BEzIk/f1lZbAQM=
github.com/pmezard/go-difflib v1.0.0/go.mod h1:iKH77koFhYxTK1pcRnkKkqfTogsbg7gZNVY4sRDYZ/4=
github.com/secure-systems-lab/go-securesystemslib v0.10.0 h1:l+H5ErcW0PAehBNrBxoGv1jjNpGYdZ9RcheFkB2WI14=
github.com/secure-systems-lab/go-securesystemslib v0.10.0/go.mod h1:MRKONWmRoFzPNQ9USRF9i1mc7MvAVvF1LlW8X5VWDvk=
github.com/sigstore/protobuf-specs v0.5.0 h1:F8YTI65xOHw70NrvPwJ5PhAzsvTnuJMGLkA4FIkofAY=
github.com/sigstore/protobuf-specs v0.5.0/go.mod h1:+gXR+38nIa2oEupqDdzg4qSBT0Os+sP7oYv6alWewWc=
github.com/sigstore/sigstore v1.10.4 h1:ytOmxMgLdcUed3w1SbbZOgcxqwMG61lh1TmZLN+WeZE=
github.com/sigstore/sigstore v1.10.4/go.mod h1:tDiyrdOref3q6qJxm2G+JHghqfmvifB7hw+EReAfnbI=
github.com/stretchr/testify v1.11.1 h1:7s2iGBzp5EwR7/aIZr8ao5+dra3wiQyKjjFuvgVKu7U=
github.com/stretchr/testify v1.11.1/go.mod h1:wZwfW3scLgRK+23gO65QZefKpKQRnfz6sD981Nm4B6U=
golang.org/x/crypto v0.49.0 h1:+Ng2ULVvLHnJ/ZFEq4KdcDd/cfjrrjjNSXNzxg0Y4U4=
golang.org/x/crypto v0.49.0/go.mod h1:ErX4dUh2UM+CFYiXZRTcMpEcN8b/1gxEuv3nODoYtCA=
golang.org/x/sys v0.42.0 h1:omrd2nAlyT5ESRdCLYdm3+fMfNFE/+Rf4bDIQImRJeo=
golang.org/x/sys v0.42.0/go.mod h1:4GL1E5IUh+htKOUEOaiffhrAeqysfVGipDYzABqnCmw=
golang.org/x/term v0.41.0 h1:QCgPso/Q3RTJx2Th4bDLqML4W6iJiaXFq2/ftQF13YU=
golang.org/x/term v0.41.0/go.mod h1:3pfBgksrReYfZ5lvYM0kSO0LIkAl4Yl2bXOkKP7Ec2A=
google.golang.org/genproto/googleapis/api v0.0.0-20260311181403-84a4fc48630c h1:OyQPd6I3pN/9gDxz6L13kYGJgqkpdrAohJRBeXyxlgI=
google.golang.org/genproto/googleapis/api v0.0.0-20260311181403-84a4fc48630c/go.mod h1:X2gu9Qwng7Nn009s/r3RUxqkzQNqOrAy79bluY7ojIg=
google.golang.org/protobuf v1.36.11 h1:fV6ZwhNocDyBLK0dj+fg8ektcVegBBuEolpbTQyBNVE=
google.golang.org/protobuf v1.36.11/go.mod h1:HTf+CrKn2C3g5S8VImy6tdcUvCska2kB7j23XfzDpco=
gopkg.in/yaml.v3 v3.0.1 h1:fxVm/GzAzEWqLHuvctI91KS9hhNmmWOoWu0XTYJS7CA=
gopkg.in/yaml.v3 v3.0.1/go.mod h1:K4uyk7z7BCEPqu6E+C64Yfv1cQ7kz7rIZviUmN+EgEM=
